// !$*UTF8*$!
{
	archiveVersion = 1;
	classes = {
	};
	objectVersion = 50;
	objects = {

/* Begin PBXBuildFile section */
		3693CEF1229F947A000E3F8D /* AppDelegate.swift in Sources */ = {isa = PBXBuildFile; fileRef = 3693CEF0229F947A000E3F8D /* AppDelegate.swift */; };
		3693CEF3229F947A000E3F8D /* ViewController.swift in Sources */ = {isa = PBXBuildFile; fileRef = 3693CEF2229F947A000E3F8D /* ViewController.swift */; };
		3693CEF6229F947A000E3F8D /* Main.storyboard in Resources */ = {isa = PBXBuildFile; fileRef = 3693CEF4229F947A000E3F8D /* Main.storyboard */; };
		3693CEF8229F947C000E3F8D /* Assets.xcassets in Resources */ = {isa = PBXBuildFile; fileRef = 3693CEF7229F947C000E3F8D /* Assets.xcassets */; };
		3693CEFB229F947C000E3F8D /* LaunchScreen.storyboard in Resources */ = {isa = PBXBuildFile; fileRef = 3693CEF9229F947C000E3F8D /* LaunchScreen.storyboard */; };
		3693CF03229F958A000E3F8D /* APIRequest.swift in Sources */ = {isa = PBXBuildFile; fileRef = 3693CF02229F958A000E3F8D /* APIRequest.swift */; };
		3693CF05229F963F000E3F8D /* Message.swift in Sources */ = {isa = PBXBuildFile; fileRef = 3693CF04229F963F000E3F8D /* Message.swift */; };
/* End PBXBuildFile section */

/* Begin PBXFileReference section */
		3693CEED229F947A000E3F8D /* Swift5_PostRequest.app */ = {isa = PBXFileReference; explicitFileType = wrapper.application; includeInIndex = 0; path = Swift5_PostRequest.app; sourceTree = BUILT_PRODUCTS_DIR; };
		3693CEF0229F947A000E3F8D /* AppDelegate.swift */ = {isa = PBXFileReference; lastKnownFileType = sourcecode.swift; path = AppDelegate.swift; sourceTree = "<group>"; };
		3693CEF2229F947A000E3F8D /* ViewController.swift */ = {isa = PBXFileReference; lastKnownFileType = sourcecode.swift; path = ViewController.swift; sourceTree = "<group>"; };
		3693CEF5229F947A000E3F8D /* Base */ = {isa = PBXFileReference; lastKnownFileType = file.storyboard; name = Base; path = Base.lproj/Main.storyboard; sourceTree = "<group>"; };
		3693CEF7229F947C000E3F8D /* Assets.xcassets */ = {isa = PBXFileReference; lastKnownFileType = folder.assetcatalog; path = Assets.xcassets; sourceTree = "<group>"; };
		3693CEFA229F947C000E3F8D /* Base */ = {isa = PBXFileReference; lastKnownFileType = file.storyboard; name = Base; path = Base.lproj/LaunchScreen.storyboard; sourceTree = "<group>"; };
		3693CEFC229F947C000E3F8D /* Info.plist */ = {isa = PBXFileReference; lastKnownFileType = text.plist.xml; path = Info.plist; sourceTree = "<group>"; };
		3693CF02229F958A000E3F8D /* APIRequest.swift */ = {isa = PBXFileReference; lastKnownFileType = sourcecode.swift; path = APIRequest.swift; sourceTree = "<group>"; };
		3693CF04229F963F000E3F8D /* Message.swift */ = {isa = PBXFileReference; lastKnownFileType = sourcecode.swift; path = Message.swift; sourceTree = "<group>"; };
/* End PBXFileReference section */

/* Begin PBXFrameworksBuildPhase section */
		3693CEEA229F947A000E3F8D /* Frameworks */ = {
			isa = PBXFrameworksBuildPhase;
			buildActionMask = 2147483647;
			files = (
			);
			runOnlyForDeploymentPostprocessing = 0;
		};
/* End PBXFrameworksBuildPhase section */

/* Begin PBXGroup section */
		3693CEE4229F947A000E3F8D = {
			isa = PBXGroup;
			children = (
				3693CEEF229F947A000E3F8D /* Swift5_PostRequest */,
				3693CEEE229F947A000E3F8D /* Products */,
			);
			sourceTree = "<group>";
		};
		3693CEEE229F947A000E3F8D /* Products */ = {
			isa = PBXGroup;
			children = (
				3693CEED229F947A000E3F8D /* Swift5_PostRequest.app */,
			);
			name = Products;
			sourceTree = "<group>";
		};
		3693CEEF229F947A000E3F8D /* Swift5_PostRequest */ = {
			isa = PBXGroup;
			children = (
				3693CEF0229F947A000E3F8D /* AppDelegate.swift */,
				3693CEF2229F947A000E3F8D /* ViewController.swift */,
				3693CF04229F963F000E3F8D /* Message.swift */,
				3693CF02229F958A000E3F8D /* APIRequest.swift */,
				3693CEF4229F947A000E3F8D /* Main.storyboard */,
				3693CEF7229F947C000E3F8D /* Assets.xcassets */,
				3693CEF9229F947C000E3F8D /* LaunchScreen.storyboard */,
				3693CEFC229F947C000E3F8D /* Info.plist */,
			);
			path = Swift5_PostRequest;
			sourceTree = "<group>";
		};
/* End PBXGroup section */

/* Begin PBXNativeTarget section */
		3693CEEC229F947A000E3F8D /* Swift5_PostRequest */ = {
			isa = PBXNativeTarget;
			buildConfigurationList = 3693CEFF229F947C000E3F8D /* Build configuration list for PBXNativeTarget "Swift5_PostRequest" */;
			buildPhases = (
				3693CEE9229F947A000E3F8D /* Sources */,
				3693CEEA229F947A000E3F8D /* Frameworks */,
				3693CEEB229F947A000E3F8D /* Resources */,
			);
			buildRules = (
			);
			dependencies = (
			);
			name = Swift5_PostRequest;
			productName = Swift5_PostRequest;
			productReference = 3693CEED229F947A000E3F8D /* Swift5_PostRequest.app */;
			productType = "com.apple.product-type.application";
		};
/* End PBXNativeTarget section */

/* Begin PBXProject section */
		3693CEE5229F947A000E3F8D /* Project object */ = {
			isa = PBXProject;
			attributes = {
				LastSwiftUpdateCheck = 1020;
				LastUpgradeCheck = 1020;
				ORGANIZATIONNAME = kenankarakecili;
				TargetAttributes = {
					3693CEEC229F947A000E3F8D = {
						CreatedOnToolsVersion = 10.2.1;
					};
				};
			};
			buildConfigurationList = 3693CEE8229F947A000E3F8D /* Build configuration list for PBXProject "Swift5_PostRequest" */;
			compatibilityVersion = "Xcode 9.3";
			developmentRegion = en;
			hasScannedForEncodings = 0;
			knownRegions = (
				en,
				Base,
			);
			mainGroup = 3693CEE4229F947A000E3F8D;
			productRefGroup = 3693CEEE229F947A000E3F8D /* Products */;
			projectDirPath = "";
			projectRoot = "";
			targets = (
				3693CEEC229F947A000E3F8D /* Swift5_PostRequest */,
			);
		};
/* End PBXProject section */

/* Begin PBXResourcesBuildPhase section */
		3693CEEB229F947A000E3F8D /* Resources */ = {
			isa = PBXResourcesBuildPhase;
			buildActionMask = 2147483647;
			files = (
				3693CEFB229F947C000E3F8D /* LaunchScreen.storyboard in Resources */,
				3693CEF8229F947C000E3F8D /* Assets.xcassets in Resources */,
				3693CEF6229F947A000E3F8D /* Main.storyboard in Resources */,
			);
			runOnlyForDeploymentPostprocessing = 0;
		};
/* End PBXResourcesBuildPhase section */

/* Begin PBXSourcesBuildPhase section */
		3693CEE9229F947A000E3F8D /* Sources */ = {
			isa = PBXSourcesBuildPhase;
			buildActionMask = 2147483647;
			files = (
				3693CEF3229F947A000E3F8D /* ViewController.swift in Sources */,
				3693CF05229F963F000E3F8D /* Message.swift in Sources */,
				3693CF03229F958A000E3F8D /* APIRequest.swift in Sources */,
				3693CEF1229F947A000E3F8D /* AppDelegate.swift in Sources */,
			);
			runOnlyForDeploymentPostprocessing = 0;
		};
/* End PBXSourcesBuildPhase section */

/* Begin PBXVariantGroup section */
		3693CEF4229F947A000E3F8D /* Main.storyboard */ = {
			isa = PBXVariantGroup;
			children = (
				3693CEF5229F947A000E3F8D /* Base */,
			);
			name = Main.storyboard;
			sourceTree = "<group>";
		};
		3693CEF9229F947C000E3F8D /* LaunchScreen.storyboard */ = {
			isa = PBXVariantGroup;
			children = (
				3693CEFA229F947C000E3F8D /* Base */,
			);
			name = LaunchScreen.storyboard;
			sourceTree = "<group>";
		};
/* End PBXVariantGroup section */

/* Begin XCBuildConfiguration section */
		3693CEFD229F947C000E3F8D /* Debug */ = {
			isa = XCBuildConfiguration;
			buildSettings = {
				ALWAYS_SEARCH_USER_PATHS = NO;
				CLANG_ANALYZER_NONNULL = YES;
				CLANG_ANALYZER_NUMBER_OBJECT_CONVERSION = YES_AGGRESSIVE;
				CLANG_CXX_LANGUAGE_STANDARD = "gnu++14";
				CLANG_CXX_LIBRARY = "libc++";
				CLANG_ENABLE_MODULES = YES;
				CLANG_ENABLE_OBJC_ARC = YES;
				CLANG_ENABLE_OBJC_WEAK = YES;
				CLANG_WARN_BLOCK_CAPTURE_AUTORELEASING = YES;
				CLANG_WARN_BOOL_CONVERSION = YES;
				CLANG_WARN_COMMA = YES;
				CLANG_WARN_CONSTANT_CONVERSION = YES;
				CLANG_WARN_DEPRECATED_OBJC_IMPLEMENTATIONS = YES;
				CLANG_WARN_DIRECT_OBJC_ISA_USAGE = YES_ERROR;
				CLANG_WARN_DOCUMENTATION_COMMENTS = YES;
				CLANG_WARN_EMPTY_BODY = YES;
				CLANG_WARN_ENUM_CONVERSION = YES;
				CLANG_WARN_INFINITE_RECURSION = YES;
				CLANG_WARN_INT_CONVERSION = YES;
				CLANG_WARN_NON_LITERAL_NULL_CONVERSION = YES;
				CLANG_WARN_OBJC_IMPLICIT_RETAIN_SELF = YES;
				CLANG_WARN_OBJC_LITERAL_CONVERSION = YES;
				CLANG_WARN_OBJC_ROOT_CLASS = YES_ERROR;
				CLANG_WARN_RANGE_LOOP_ANALYSIS = YES;
				CLANG_WARN_STRICT_PROTOTYPES = YES;
				CLANG_WARN_SUSPICIOUS_MOVE = YES;
				CLANG_WARN_UNGUARDED_AVAILABILITY = YES_AGGRESSIVE;
				CLANG_WARN_UNREACHABLE_CODE = YES;
				CLANG_WARN__DUPLICATE_METHOD_MATCH = YES;
				CODE_SIGN_IDENTITY = "iPhone Developer";
				COPY_PHASE_STRIP = NO;
				DEBUG_INFORMATION_FORMAT = dwarf;
				ENABLE_STRICT_OBJC_MSGSEND = YES;
				ENABLE_TESTABILITY = YES;
				GCC_C_LANGUAGE_STANDARD = gnu11;
				GCC_DYNAMIC_NO_PIC = NO;
				GCC_NO_COMMON_BLOCKS = YES;
				GCC_OPTIMIZATION_LEVEL = 0;
				GCC_PREPROCESSOR_DEFINITIONS = (
					"DEBUG=1",
					"$(inherited)",
				);
				GCC_WARN_64_TO_32_BIT_CONVERSION = YES;
				GCC_WARN_ABOUT_RETURN_TYPE = YES_ERROR;
				GCC_WARN_UNDECLARED_SELECTOR = YES;
				GCC_WARN_UNINITIALIZED_AUTOS = YES_AGGRESSIVE;
				GCC_WARN_UNUSED_FUNCTION = YES;
				GCC_WARN_UNUSED_VARIABLE = YES;
				IPHONEOS_DEPLOYMENT_TARGET = 12.2;
				MTL_ENABLE_DEBUG_INFO = INCLUDE_SOURCE;
				MTL_FAST_MATH = YES;
				ONLY_ACTIVE_ARCH = YES;
				SDKROOT = iphoneos;
				SWIFT_ACTIVE_COMPILATION_CONDITIONS = DEBUG;
				SWIFT_OPTIMIZATION_LEVEL = "-Onone";
			};
			name = Debug;
		};
		3693CEFE229F947C000E3F8D /* Release */ = {
			isa = XCBuildConfiguration;
			buildSettings = {
				ALWAYS_SEARCH_USER_PATHS = NO;
				CLANG_ANALYZER_NONNULL = YES;
				CLANG_ANALYZER_NUMBER_OBJECT_CONVERSION = YES_AGGRESSIVE;
				CLANG_CXX_LANGUAGE_STANDARD = "gnu++14";
				CLANG_CXX_LIBRARY = "libc++";
				CLANG_ENABLE_MODULES = YES;
				CLANG_ENABLE_OBJC_ARC = YES;
				CLANG_ENABLE_OBJC_WEAK = YES;
				CLANG_WARN_BLOCK_CAPTURE_AUTORELEASING = YES;
				CLANG_WARN_BOOL_CONVERSION = YES;
				CLANG_WARN_COMMA = YES;
				CLANG_WARN_CONSTANT_CONVERSION = YES;
				CLANG_WARN_DEPRECATED_OBJC_IMPLEMENTATIONS = YES;
				CLANG_WARN_DIRECT_OBJC_ISA_USAGE = YES_ERROR;
				CLANG_WARN_DOCUMENTATION_COMMENTS = YES;
				CLANG_WARN_EMPTY_BODY = YES;
				CLANG_WARN_ENUM_CONVERSION = YES;
				CLANG_WARN_INFINITE_RECURSION = YES;
				CLANG_WARN_INT_CONVERSION = YES;
				CLANG_WARN_NON_LITERAL_NULL_CONVERSION = YES;
				CLANG_WARN_OBJC_IMPLICIT_RETAIN_SELF = YES;
				CLANG_WARN_OBJC_LITERAL_CONVERSION = YES;
				CLANG_WARN_OBJC_ROOT_CLASS = YES_ERROR;
				CLANG_WARN_RANGE_LOOP_ANALYSIS = YES;
				CLANG_WARN_STRICT_PROTOTYPES = YES;
				CLANG_WARN_SUSPICIOUS_MOVE = YES;
				CLANG_WARN_UNGUARDED_AVAILABILITY = YES_AGGRESSIVE;
				CLANG_WARN_UNREACHABLE_CODE = YES;
				CLANG_WARN__DUPLICATE_METHOD_MATCH = YES;
				CODE_SIGN_IDENTITY = "iPhone Developer";
				COPY_PHASE_STRIP = NO;
				DEBUG_INFORMATION_FORMAT = "dwarf-with-dsym";
				ENABLE_NS_ASSERTIONS = NO;
				ENABLE_STRICT_OBJC_MSGSEND = YES;
				GCC_C_LANGUAGE_STANDARD = gnu11;
				GCC_NO_COMMON_BLOCKS = YES;
				GCC_WARN_64_TO_32_BIT_CONVERSION = YES;
				GCC_WARN_ABOUT_RETURN_TYPE = YES_ERROR;
				GCC_WARN_UNDECLARED_SELECTOR = YES;
				GCC_WARN_UNINITIALIZED_AUTOS = YES_AGGRESSIVE;
				GCC_WARN_UNUSED_FUNCTION = YES;
				GCC_WARN_UNUSED_VARIABLE = YES;
				IPHONEOS_DEPLOYMENT_TARGET = 12.2;
				MTL_ENABLE_DEBUG_INFO = NO;
				MTL_FAST_MATH = YES;
				SDKROOT = iphoneos;
				SWIFT_COMPILATION_MODE = wholemodule;
				SWIFT_OPTIMIZATION_LEVEL = "-O";
				VALIDATE_PRODUCT = YES;
			};
			name = Release;
		};
		3693CF00229F947C000E3F8D /* Debug */ = {
			isa = XCBuildConfiguration;
			buildSettings = {
				ASSETCATALOG_COMPILER_APPICON_NAME = AppIcon;
				CODE_SIGN_STYLE = Automatic;
				DEVELOPMENT_TEAM = X452LME3NH;
				INFOPLIST_FILE = Swift5_PostRequest/Info.plist;
				LD_RUNPATH_SEARCH_PATHS = (
					"$(inherited)",
					"@executable_path/Frameworks",
				);
				PRODUCT_BUNDLE_IDENTIFIER = "karakecili.Swift5-PostRequest";
				PRODUCT_NAME = "$(TARGET_NAME)";
				SWIFT_VERSION = 5.0;
				TARGETED_DEVICE_FAMILY = "1,2";
			};
			name = Debug;
		};
		3693CF01229F947C000E3F8D /* Release */ = {
			isa = XCBuildConfiguration;
			buildSettings = {
				ASSETCATALOG_COMPILER_APPICON_NAME = AppIcon;
				CODE_SIGN_STYLE = Automatic;
				DEVELOPMENT_TEAM = X452LME3NH;
				INFOPLIST_FILE = Swift5_PostRequest/Info.plist;
				LD_RUNPATH_SEARCH_PATHS = (
					"$(inherited)",
					"@executable_path/Frameworks",
				);
				PRODUCT_BUNDLE_IDENTIFIER = "karakecili.Swift5-PostRequest";
				PRODUCT_NAME = "$(TARGET_NAME)";
				SWIFT_VERSION = 5.0;
				TARGETED_DEVICE_FAMILY = "1,2";
			};
			name = Release;
		};
/* End XCBuildConfiguration section */

/* Begin XCConfigurationList section */
		3693CEE8229F947A000E3F8D /* Build configuration list for PBXProject "Swift5_PostRequest" */ = {
			isa = XCConfigurationList;
			buildConfigurations = (
				3693CEFD229F947C000E3F8D /* Debug */,
				3693CEFE229F947C000E3F8D /* Release */,
			);
			defaultConfigurationIsVisible = 0;
			defaultConfigurationName = Release;
		};
		3693CEFF229F947C000E3F8D /* Build configuration list for PBXNativeTarget "Swift5_PostRequest" */ = {
			isa = XCConfigurationList;
			buildConfigurations = (
				3693CF00229F947C000E3F8D /* Debug */,
				3693CF01229F947C000E3F8D /* Release */,
			);
			defaultConfigurationIsVisible = 0;
			defaultConfigurationName = Release;
		};
/* End XCConfigurationList section */
	};
	rootObject = 3693CEE5229F947A000E3F8D /* Project object */;
}
